
Microsoft Visual Studio Solution File, Format Version 12.00
Project("{FAE04EC0-301F-11D3-BF4B-00C04F79EFBC}") = "Pingie", "Pingie\Pingie.csproj", "{BF177ADB-4D85-4AB3-8AF2-AC1AE353A577}"
EndProject
Project("{FAE04EC0-301F-11D3-BF4B-00C04F79EFBC}") = "Data", "Data\Data.csproj", "{DAEDD0CA-0F90-43AC-8F43-483754E9D5C2}"
EndProject
Project("{FAE04EC0-301F-11D3-BF4B-00C04F79EFBC}") = "Shared", "Shared\Shared.csproj", "{170D4B50-0D42-436B-A4F2-B361DBB86FE5}"
EndProject
Project("{FAE04EC0-301F-11D3-BF4B-00C04F79EFBC}") = "Application", "Application\Application.csproj", "{B6611BEF-967A-4A6B-B13A-0372E57D7A03}"
EndProject
Global
	GlobalSection(SolutionConfigurationPlatforms) = preSolution
		Debug|Any CPU = Debug|Any CPU
		Release|Any CPU = Release|Any CPU
	EndGlobalSection
	GlobalSection(ProjectConfigurationPlatforms) = postSolution
		{BF177ADB-4D85-4AB3-8AF2-AC1AE353A577}.Debug|Any CPU.ActiveCfg = Debug|Any CPU
		{BF177ADB-4D85-4AB3-8AF2-AC1AE353A577}.Debug|Any CPU.Build.0 = Debug|Any CPU
		{BF177ADB-4D85-4AB3-8AF2-AC1AE353A577}.Release|Any CPU.ActiveCfg = Release|Any CPU
		{BF177ADB-4D85-4AB3-8AF2-AC1AE353A577}.Release|Any CPU.Build.0 = Release|Any CPU
		{DAEDD0CA-0F90-43AC-8F43-483754E9D5C2}.Debug|Any CPU.ActiveCfg = Debug|Any CPU
		{DAEDD0CA-0F90-43AC-8F43-483754E9D5C2}.Debug|Any CPU.Build.0 = Debug|Any CPU
		{DAEDD0CA-0F90-43AC-8F43-483754E9D5C2}.Release|Any CPU.ActiveCfg = Release|Any CPU
		{DAEDD0CA-0F90-43AC-8F43-483754E9D5C2}.Release|Any CPU.Build.0 = Release|Any CPU
		{170D4B50-0D42-436B-A4F2-B361DBB86FE5}.Debug|Any CPU.ActiveCfg = Debug|Any CPU
		{170D4B50-0D42-436B-A4F2-B361DBB86FE5}.Debug|Any CPU.Build.0 = Debug|Any CPU
		{170D4B50-0D42-436B-A4F2-B361DBB86FE5}.Release|Any CPU.ActiveCfg = Release|Any CPU
		{170D4B50-0D42-436B-A4F2-B361DBB86FE5}.Release|Any CPU.Build.0 = Release|Any CPU
		{B6611BEF-967A-4A6B-B13A-0372E57D7A03}.Debug|Any CPU.ActiveCfg = Debug|Any CPU
		{B6611BEF-967A-4A6B-B13A-0372E57D7A03}.Debug|Any CPU.Build.0 = Debug|Any CPU
		{B6611BEF-967A-4A6B-B13A-0372E57D7A03}.Release|Any CPU.ActiveCfg = Release|Any CPU
		{B6611BEF-967A-4A6B-B13A-0372E57D7A03}.Release|Any CPU.Build.0 = Release|Any CPU
	EndGlobalSection
EndGlobal
